
Microsoft Visual Studio Solution File, Format Version 12.00
# Visual Studio Version 17
VisualStudioVersion = 17.2.32526.322
MinimumVisualStudioVersion = 10.0.40219.1
Project("{FAE04EC0-301F-11D3-BF4B-00C04F79EFBC}") = "sort", "sort.csproj", "{B7FB0FDE-112B-4D86-A4C7-C9AA59A9BE26}"
EndProject
Global
	GlobalSection(SolutionConfigurationPlatforms) = preSolution
		Debug|Any CPU = Debug|Any CPU
		Release|Any CPU = Release|Any CPU
	EndGlobalSection
	GlobalSection(ProjectConfigurationPlatforms) = postSolution
		{B7FB0FDE-112B-4D86-A4C7-C9AA59A9BE26}.Debug|Any CPU.ActiveCfg = Debug|Any CPU
		{B7FB0FDE-112B-4D86-A4C7-C9AA59A9BE26}.Debug|Any CPU.Build.0 = Debug|Any CPU
		{B7FB0FDE-112B-4D86-A4C7-C9AA59A9BE26}.Release|Any CPU.ActiveCfg = Release|Any CPU
		{B7FB0FDE-112B-4D86-A4C7-C9AA59A9BE26}.Release|Any CPU.Build.0 = Release|Any CPU
	EndGlobalSection
	GlobalSection(SolutionProperties) = preSolution
		HideSolutionNode = FALSE
	EndGlobalSection
	GlobalSection(ExtensibilityGlobals) = postSolution
		SolutionGuid = {4773D39F-9543-4FCD-91F2-CC3DB3E81535}
	EndGlobalSection
EndGlobal
